
Microsoft Visual Studio Solution File, Format Version 12.00
# Visual Studio Version 16
VisualStudioVersion = 16.0.30907.101
MinimumVisualStudioVersion = 10.0.40219.1
Project("{FAE04EC0-301F-11D3-BF4B-00C04F79EFBC}") = "FakeIDGenerator", "FakeIDGenerator.csproj", "{2DB3913E-B5FE-4F7B-98C4-D3CB6A6FA991}"
EndProject
Global
	GlobalSection(SolutionConfigurationPlatforms) = preSolution
		Debug|Any CPU = Debug|Any CPU
		Release|Any CPU = Release|Any CPU
	EndGlobalSection
	GlobalSection(ProjectConfigurationPlatforms) = postSolution
		{2DB3913E-B5FE-4F7B-98C4-D3CB6A6FA991}.Debug|Any CPU.ActiveCfg = Debug|Any CPU
		{2DB3913E-B5FE-4F7B-98C4-D3CB6A6FA991}.Debug|Any CPU.Build.0 = Debug|Any CPU
		{2DB3913E-B5FE-4F7B-98C4-D3CB6A6FA991}.Release|Any CPU.ActiveCfg = Release|Any CPU
		{2DB3913E-B5FE-4F7B-98C4-D3CB6A6FA991}.Release|Any CPU.Build.0 = Release|Any CPU
	EndGlobalSection
	GlobalSection(SolutionProperties) = preSolution
		HideSolutionNode = FALSE
	EndGlobalSection
	GlobalSection(ExtensibilityGlobals) = postSolution
		SolutionGuid = {7312C6E7-F413-49B8-8891-57A8BA916AA1}
	EndGlobalSection
EndGlobal
